# This file is automatically @generated by Cargo.
# It is not intended for manual editing.
version = 4

[[package]]
name = "game-of-life"
version = "0.1.0"
dependencies = [
 "nanorand",
]

[[package]]
name = "nanorand"
version = "0.8.0"
source = "registry+https://github.com/rust-lang/crates.io-index"
checksum = "6e3d189da485332e96ba8a5ef646a311871abd7915bf06ac848a9117f19cf6e4"
